
Microsoft Visual Studio Solution File, Format Version 12.00
# Visual Studio Version 17
VisualStudioVersion = 17.4.33205.214
MinimumVisualStudioVersion = 10.0.40219.1
Project("{FAE04EC0-301F-11D3-BF4B-00C04F79EFBC}") = "CobrancaSimples", "CobrancaSimples\CobrancaSimples.csproj", "{56726C92-6C73-461B-A0A1-CAA4886A021E}"
EndProject
Global
	GlobalSection(SolutionConfigurationPlatforms) = preSolution
		Debug|Any CPU = Debug|Any CPU
		Release|Any CPU = Release|Any CPU
	EndGlobalSection
	GlobalSection(ProjectConfigurationPlatforms) = postSolution
		{56726C92-6C73-461B-A0A1-CAA4886A021E}.Debug|Any CPU.ActiveCfg = Debug|Any CPU
		{56726C92-6C73-461B-A0A1-CAA4886A021E}.Debug|Any CPU.Build.0 = Debug|Any CPU
		{56726C92-6C73-461B-A0A1-CAA4886A021E}.Release|Any CPU.ActiveCfg = Release|Any CPU
		{56726C92-6C73-461B-A0A1-CAA4886A021E}.Release|Any CPU.Build.0 = Release|Any CPU
	EndGlobalSection
	GlobalSection(SolutionProperties) = preSolution
		HideSolutionNode = FALSE
	EndGlobalSection
	GlobalSection(ExtensibilityGlobals) = postSolution
		SolutionGuid = {6E1AF885-8038-4A37-B700-CC68299DF036}
	EndGlobalSection
EndGlobal
